// !$*UTF8*$!
{
	archiveVersion = 1;
	classes = {
	};
	objectVersion = 48;
	objects = {

/* Begin PBXBuildFile section */
		6C01F8471F6A50BC007E6C2A /* DroppablePin.swift in Sources */ = {isa = PBXBuildFile; fileRef = 6C01F8461F6A50BC007E6C2A /* DroppablePin.swift */; };
		6C01F84D1F6B7DB5007E6C2A /* PhotoCell.swift in Sources */ = {isa = PBXBuildFile; fileRef = 6C01F84C1F6B7DB5007E6C2A /* PhotoCell.swift */; };
		6CF81EB21F6359D900DE1939 /* AppDelegate.swift in Sources */ = {isa = PBXBuildFile; fileRef = 6CF81EB11F6359D900DE1939 /* AppDelegate.swift */; };
		6CF81EB71F6359D900DE1939 /* Main.storyboard in Resources */ = {isa = PBXBuildFile; fileRef = 6CF81EB51F6359D900DE1939 /* Main.storyboard */; };
		6CF81EB91F6359D900DE1939 /* Assets.xcassets in Resources */ = {isa = PBXBuildFile; fileRef = 6CF81EB81F6359D900DE1939 /* Assets.xcassets */; };
		6CF81EBC1F6359D900DE1939 /* LaunchScreen.storyboard in Resources */ = {isa = PBXBuildFile; fileRef = 6CF81EBA1F6359D900DE1939 /* LaunchScreen.storyboard */; };
		6CF81EC91F635ACA00DE1939 /* MapVC.swift in Sources */ = {isa = PBXBuildFile; fileRef = 6CF81EC81F635ACA00DE1939 /* MapVC.swift */; };
		8E0731B244EB76ED2EFA61E6 /* Pods_PixelCity.framework in Frameworks */ = {isa = PBXBuildFile; fileRef = B94E6F2715C162941EBD180C /* Pods_PixelCity.framework */; };
/* End PBXBuildFile section */

/* Begin PBXFileReference section */
		6C01F8461F6A50BC007E6C2A /* DroppablePin.swift */ = {isa = PBXFileReference; lastKnownFileType = sourcecode.swift; path = DroppablePin.swift; sourceTree = "<group>"; };
		6C01F84C1F6B7DB5007E6C2A /* PhotoCell.swift */ = {isa = PBXFileReference; lastKnownFileType = sourcecode.swift; path = PhotoCell.swift; sourceTree = "<group>"; };
		6CF81EAE1F6359D900DE1939 /* PixelCity.app */ = {isa = PBXFileReference; explicitFileType = wrapper.application; includeInIndex = 0; path = PixelCity.app; sourceTree = BUILT_PRODUCTS_DIR; };
		6CF81EB11F6359D900DE1939 /* AppDelegate.swift */ = {isa = PBXFileReference; lastKnownFileType = sourcecode.swift; path = AppDelegate.swift; sourceTree = "<group>"; };
		6CF81EB61F6359D900DE1939 /* Base */ = {isa = PBXFileReference; lastKnownFileType = file.storyboard; name = Base; path = Base.lproj/Main.storyboard; sourceTree = "<group>"; };
		6CF81EB81F6359D900DE1939 /* Assets.xcassets */ = {isa = PBXFileReference; lastKnownFileType = folder.assetcatalog; path = Assets.xcassets; sourceTree = "<group>"; };
		6CF81EBB1F6359D900DE1939 /* Base */ = {isa = PBXFileReference; lastKnownFileType = file.storyboard; name = Base; path = Base.lproj/LaunchScreen.storyboard; sourceTree = "<group>"; };
		6CF81EBD1F6359D900DE1939 /* Info.plist */ = {isa = PBXFileReference; lastKnownFileType = text.plist.xml; path = Info.plist; sourceTree = "<group>"; };
		6CF81EC81F635ACA00DE1939 /* MapVC.swift */ = {isa = PBXFileReference; lastKnownFileType = sourcecode.swift; path = MapVC.swift; sourceTree = "<group>"; };
		74872402B8E41ABF2157FC19 /* Pods-PixelCity.debug.xcconfig */ = {isa = PBXFileReference; includeInIndex = 1; lastKnownFileType = text.xcconfig; name = "Pods-PixelCity.debug.xcconfig"; path = "Pods/Target Support Files/Pods-PixelCity/Pods-PixelCity.debug.xcconfig"; sourceTree = "<group>"; };
		B94E6F2715C162941EBD180C /* Pods_PixelCity.framework */ = {isa = PBXFileReference; explicitFileType = wrapper.framework; includeInIndex = 0; path = Pods_PixelCity.framework; sourceTree = BUILT_PRODUCTS_DIR; };
		E5982C9AA90A89FF018B3360 /* Pods-PixelCity.release.xcconfig */ = {isa = PBXFileReference; includeInIndex = 1; lastKnownFileType = text.xcconfig; name = "Pods-PixelCity.release.xcconfig"; path = "Pods/Target Support Files/Pods-PixelCity/Pods-PixelCity.release.xcconfig"; sourceTree = "<group>"; };
/* End PBXFileReference section */

/* Begin PBXFrameworksBuildPhase section */
		6CF81EAB1F6359D900DE1939 /* Frameworks */ = {
			isa = PBXFrameworksBuildPhase;
			buildActionMask = 2147483647;
			files = (
				8E0731B244EB76ED2EFA61E6 /* Pods_PixelCity.framework in Frameworks */,
			);
			runOnlyForDeploymentPostprocessing = 0;
		};
/* End PBXFrameworksBuildPhase section */

/* Begin PBXGroup section */
		556803B88F94CCDEF13269EA /* Pods */ = {
			isa = PBXGroup;
			children = (
				74872402B8E41ABF2157FC19 /* Pods-PixelCity.debug.xcconfig */,
				E5982C9AA90A89FF018B3360 /* Pods-PixelCity.release.xcconfig */,
			);
			name = Pods;
			sourceTree = "<group>";
		};
		6CF81EA51F6359D900DE1939 = {
			isa = PBXGroup;
			children = (
				6CF81EB01F6359D900DE1939 /* PixelCity */,
				6CF81EAF1F6359D900DE1939 /* Products */,
				556803B88F94CCDEF13269EA /* Pods */,
				84D9ACC6CE4B48648A51FEA6 /* Frameworks */,
			);
			sourceTree = "<group>";
		};
		6CF81EAF1F6359D900DE1939 /* Products */ = {
			isa = PBXGroup;
			children = (
				6CF81EAE1F6359D900DE1939 /* PixelCity.app */,
			);
			name = Products;
			sourceTree = "<group>";
		};
		6CF81EB01F6359D900DE1939 /* PixelCity */ = {
			isa = PBXGroup;
			children = (
				6CF81EC71F635AA900DE1939 /* Utilities */,
				6CF81EC61F635A9A00DE1939 /* Extensions */,
				6CF81EC51F635A8900DE1939 /* Model */,
				6CF81EC41F635A8400DE1939 /* View */,
				6CF81EC31F635A7D00DE1939 /* Controller */,
				6CF81EB11F6359D900DE1939 /* AppDelegate.swift */,
				6CF81EB51F6359D900DE1939 /* Main.storyboard */,
				6CF81EB81F6359D900DE1939 /* Assets.xcassets */,
				6CF81EBA1F6359D900DE1939 /* LaunchScreen.storyboard */,
				6CF81EBD1F6359D900DE1939 /* Info.plist */,
			);
			path = PixelCity;
			sourceTree = "<group>";
		};
		6CF81EC31F635A7D00DE1939 /* Controller */ = {
			isa = PBXGroup;
			children = (
				6CF81EC81F635ACA00DE1939 /* MapVC.swift */,
			);
			path = Controller;
			sourceTree = "<group>";
		};
		6CF81EC41F635A8400DE1939 /* View */ = {
			isa = PBXGroup;
			children = (
				6C01F8461F6A50BC007E6C2A /* DroppablePin.swift */,
				6C01F84C1F6B7DB5007E6C2A /* PhotoCell.swift */,
			);
			path = View;
			sourceTree = "<group>";
		};
		6CF81EC51F635A8900DE1939 /* Model */ = {
			isa = PBXGroup;
			children = (
			);
			path = Model;
			sourceTree = "<group>";
		};
		6CF81EC61F635A9A00DE1939 /* Extensions */ = {
			isa = PBXGroup;
			children = (
			);
			path = Extensions;
			sourceTree = "<group>";
		};
		6CF81EC71F635AA900DE1939 /* Utilities */ = {
			isa = PBXGroup;
			children = (
			);
			path = Utilities;
			sourceTree = "<group>";
		};
		84D9ACC6CE4B48648A51FEA6 /* Frameworks */ = {
			isa = PBXGroup;
			children = (
				B94E6F2715C162941EBD180C /* Pods_PixelCity.framework */,
			);
			name = Frameworks;
			sourceTree = "<group>";
		};
/* End PBXGroup section */

/* Begin PBXNativeTarget section */
		6CF81EAD1F6359D900DE1939 /* PixelCity */ = {
			isa = PBXNativeTarget;
			buildConfigurationList = 6CF81EC01F6359D900DE1939 /* Build configuration list for PBXNativeTarget "PixelCity" */;
			buildPhases = (
				EFC925EA44B3500C7B1CF892 /* [CP] Check Pods Manifest.lock */,
				6CF81EAA1F6359D900DE1939 /* Sources */,
				6CF81EAB1F6359D900DE1939 /* Frameworks */,
				6CF81EAC1F6359D900DE1939 /* Resources */,
				4C109FD6AFF1552D1D5B5D9A /* [CP] Embed Pods Frameworks */,
				5B08A6CFC5C072F90D7F29E4 /* [CP] Copy Pods Resources */,
			);
			buildRules = (
			);
			dependencies = (
			);
			name = PixelCity;
			productName = PixelCity;
			productReference = 6CF81EAE1F6359D900DE1939 /* PixelCity.app */;
			productType = "com.apple.product-type.application";
		};
/* End PBXNativeTarget section */

/* Begin PBXProject section */
		6CF81EA61F6359D900DE1939 /* Project object */ = {
			isa = PBXProject;
			attributes = {
				LastSwiftUpdateCheck = 0900;
				LastUpgradeCheck = 0900;
				ORGANIZATIONNAME = "Roy Dimayuga";
				TargetAttributes = {
					6CF81EAD1F6359D900DE1939 = {
						CreatedOnToolsVersion = 9.0;
						ProvisioningStyle = Automatic;
					};
				};
			};
			buildConfigurationList = 6CF81EA91F6359D900DE1939 /* Build configuration list for PBXProject "PixelCity" */;
			compatibilityVersion = "Xcode 8.0";
			developmentRegion = en;
			hasScannedForEncodings = 0;
			knownRegions = (
				en,
				Base,
			);
			mainGroup = 6CF81EA51F6359D900DE1939;
			productRefGroup = 6CF81EAF1F6359D900DE1939 /* Products */;
			projectDirPath = "";
			projectRoot = "";
			targets = (
				6CF81EAD1F6359D900DE1939 /* PixelCity */,
			);
		};
/* End PBXProject section */

/* Begin PBXResourcesBuildPhase section */
		6CF81EAC1F6359D900DE1939 /* Resources */ = {
			isa = PBXResourcesBuildPhase;
			buildActionMask = 2147483647;
			files = (
				6CF81EBC1F6359D900DE1939 /* LaunchScreen.storyboard in Resources */,
				6CF81EB91F6359D900DE1939 /* Assets.xcassets in Resources */,
				6CF81EB71F6359D900DE1939 /* Main.storyboard in Resources */,
			);
			runOnlyForDeploymentPostprocessing = 0;
		};
/* End PBXResourcesBuildPhase section */

/* Begin PBXShellScriptBuildPhase section */
		4C109FD6AFF1552D1D5B5D9A /* [CP] Embed Pods Frameworks */ = {
			isa = PBXShellScriptBuildPhase;
			buildActionMask = 2147483647;
			files = (
			);
			inputPaths = (
				"${SRCROOT}/Pods/Target Support Files/Pods-PixelCity/Pods-PixelCity-frameworks.sh",
				"${BUILT_PRODUCTS_DIR}/Alamofire/Alamofire.framework",
				"${BUILT_PRODUCTS_DIR}/AlamofireImage/AlamofireImage.framework",
			);
			name = "[CP] Embed Pods Frameworks";
			outputPaths = (
				"${TARGET_BUILD_DIR}/${FRAMEWORKS_FOLDER_PATH}/Alamofire.framework",
				"${TARGET_BUILD_DIR}/${FRAMEWORKS_FOLDER_PATH}/AlamofireImage.framework",
			);
			runOnlyForDeploymentPostprocessing = 0;
			shellPath = /bin/sh;
			shellScript = "\"${SRCROOT}/Pods/Target Support Files/Pods-PixelCity/Pods-PixelCity-frameworks.sh\"\n";
			showEnvVarsInLog = 0;
		};
		5B08A6CFC5C072F90D7F29E4 /* [CP] Copy Pods Resources */ = {
			isa = PBXShellScriptBuildPhase;
			buildActionMask = 2147483647;
			files = (
			);
			inputPaths = (
			);
			name = "[CP] Copy Pods Resources";
			outputPaths = (
			);
			runOnlyForDeploymentPostprocessing = 0;
			shellPath = /bin/sh;
			shellScript = "\"${SRCROOT}/Pods/Target Support Files/Pods-PixelCity/Pods-PixelCity-resources.sh\"\n";
			showEnvVarsInLog = 0;
		};
		EFC925EA44B3500C7B1CF892 /* [CP] Check Pods Manifest.lock */ = {
			isa = PBXShellScriptBuildPhase;
			buildActionMask = 2147483647;
			files = (
			);
			inputPaths = (
				"${PODS_PODFILE_DIR_PATH}/Podfile.lock",
				"${PODS_ROOT}/Manifest.lock",
			);
			name = "[CP] Check Pods Manifest.lock";
			outputPaths = (
				"$(DERIVED_FILE_DIR)/Pods-PixelCity-checkManifestLockResult.txt",
			);
			runOnlyForDeploymentPostprocessing = 0;
			shellPath = /bin/sh;
			shellScript = "diff \"${PODS_PODFILE_DIR_PATH}/Podfile.lock\" \"${PODS_ROOT}/Manifest.lock\" > /dev/null\nif [ $? != 0 ] ; then\n    # print error to STDERR\n    echo \"error: The sandbox is not in sync with the Podfile.lock. Run 'pod install' or update your CocoaPods installation.\" >&2\n    exit 1\nfi\n# This output is used by Xcode 'outputs' to avoid re-running this script phase.\necho \"SUCCESS\" > \"${SCRIPT_OUTPUT_FILE_0}\"\n";
			showEnvVarsInLog = 0;
		};
/* End PBXShellScriptBuildPhase section */

/* Begin PBXSourcesBuildPhase section */
		6CF81EAA1F6359D900DE1939 /* Sources */ = {
			isa = PBXSourcesBuildPhase;
			buildActionMask = 2147483647;
			files = (
				6C01F84D1F6B7DB5007E6C2A /* PhotoCell.swift in Sources */,
				6CF81EB21F6359D900DE1939 /* AppDelegate.swift in Sources */,
				6C01F8471F6A50BC007E6C2A /* DroppablePin.swift in Sources */,
				6CF81EC91F635ACA00DE1939 /* MapVC.swift in Sources */,
			);
			runOnlyForDeploymentPostprocessing = 0;
		};
/* End PBXSourcesBuildPhase section */

/* Begin PBXVariantGroup section */
		6CF81EB51F6359D900DE1939 /* Main.storyboard */ = {
			isa = PBXVariantGroup;
			children = (
				6CF81EB61F6359D900DE1939 /* Base */,
			);
			name = Main.storyboard;
			sourceTree = "<group>";
		};
		6CF81EBA1F6359D900DE1939 /* LaunchScreen.storyboard */ = {
			isa = PBXVariantGroup;
			children = (
				6CF81EBB1F6359D900DE1939 /* Base */,
			);
			name = LaunchScreen.storyboard;
			sourceTree = "<group>";
		};
/* End PBXVariantGroup section */

/* Begin XCBuildConfiguration section */
		6CF81EBE1F6359D900DE1939 /* Debug */ = {
			isa = XCBuildConfiguration;
			buildSettings = {
				ALWAYS_SEARCH_USER_PATHS = NO;
				CLANG_ANALYZER_NONNULL = YES;
				CLANG_ANALYZER_NUMBER_OBJECT_CONVERSION = YES_AGGRESSIVE;
				CLANG_CXX_LANGUAGE_STANDARD = "gnu++14";
				CLANG_CXX_LIBRARY = "libc++";
				CLANG_ENABLE_MODULES = YES;
				CLANG_ENABLE_OBJC_ARC = YES;
				CLANG_WARN_BLOCK_CAPTURE_AUTORELEASING = YES;
				CLANG_WARN_BOOL_CONVERSION = YES;
				CLANG_WARN_COMMA = YES;
				CLANG_WARN_CONSTANT_CONVERSION = YES;
				CLANG_WARN_DIRECT_OBJC_ISA_USAGE = YES_ERROR;
				CLANG_WARN_DOCUMENTATION_COMMENTS = YES;
				CLANG_WARN_EMPTY_BODY = YES;
				CLANG_WARN_ENUM_CONVERSION = YES;
				CLANG_WARN_INFINITE_RECURSION = YES;
				CLANG_WARN_INT_CONVERSION = YES;
				CLANG_WARN_NON_LITERAL_NULL_CONVERSION = YES;
				CLANG_WARN_OBJC_LITERAL_CONVERSION = YES;
				CLANG_WARN_OBJC_ROOT_CLASS = YES_ERROR;
				CLANG_WARN_RANGE_LOOP_ANALYSIS = YES;
				CLANG_WARN_STRICT_PROTOTYPES = YES;
				CLANG_WARN_SUSPICIOUS_MOVE = YES;
				CLANG_WARN_UNGUARDED_AVAILABILITY = YES_AGGRESSIVE;
				CLANG_WARN_UNREACHABLE_CODE = YES;
				CLANG_WARN__DUPLICATE_METHOD_MATCH = YES;
				CODE_SIGN_IDENTITY = "iPhone Developer";
				COPY_PHASE_STRIP = NO;
				DEBUG_INFORMATION_FORMAT = dwarf;
				ENABLE_STRICT_OBJC_MSGSEND = YES;
				ENABLE_TESTABILITY = YES;
				GCC_C_LANGUAGE_STANDARD = gnu11;
				GCC_DYNAMIC_NO_PIC = NO;
				GCC_NO_COMMON_BLOCKS = YES;
				GCC_OPTIMIZATION_LEVEL = 0;
				GCC_PREPROCESSOR_DEFINITIONS = (
					"DEBUG=1",
					"$(inherited)",
				);
				GCC_WARN_64_TO_32_BIT_CONVERSION = YES;
				GCC_WARN_ABOUT_RETURN_TYPE = YES_ERROR;
				GCC_WARN_UNDECLARED_SELECTOR = YES;
				GCC_WARN_UNINITIALIZED_AUTOS = YES_AGGRESSIVE;
				GCC_WARN_UNUSED_FUNCTION = YES;
				GCC_WARN_UNUSED_VARIABLE = YES;
				IPHONEOS_DEPLOYMENT_TARGET = 11.0;
				MTL_ENABLE_DEBUG_INFO = YES;
				ONLY_ACTIVE_ARCH = YES;
				SDKROOT = iphoneos;
				SWIFT_ACTIVE_COMPILATION_CONDITIONS = DEBUG;
				SWIFT_OPTIMIZATION_LEVEL = "-Onone";
			};
			name = Debug;
		};
		6CF81EBF1F6359D900DE1939 /* Release */ = {
			isa = XCBuildConfiguration;
			buildSettings = {
				ALWAYS_SEARCH_USER_PATHS = NO;
				CLANG_ANALYZER_NONNULL = YES;
				CLANG_ANALYZER_NUMBER_OBJECT_CONVERSION = YES_AGGRESSIVE;
				CLANG_CXX_LANGUAGE_STANDARD = "gnu++14";
				CLANG_CXX_LIBRARY = "libc++";
				CLANG_ENABLE_MODULES = YES;
				CLANG_ENABLE_OBJC_ARC = YES;
				CLANG_WARN_BLOCK_CAPTURE_AUTORELEASING = YES;
				CLANG_WARN_BOOL_CONVERSION = YES;
				CLANG_WARN_COMMA = YES;
				CLANG_WARN_CONSTANT_CONVERSION = YES;
				CLANG_WARN_DIRECT_OBJC_ISA_USAGE = YES_ERROR;
				CLANG_WARN_DOCUMENTATION_COMMENTS = YES;
				CLANG_WARN_EMPTY_BODY = YES;
				CLANG_WARN_ENUM_CONVERSION = YES;
				CLANG_WARN_INFINITE_RECURSION = YES;
				CLANG_WARN_INT_CONVERSION = YES;
				CLANG_WARN_NON_LITERAL_NULL_CONVERSION = YES;
				CLANG_WARN_OBJC_LITERAL_CONVERSION = YES;
				CLANG_WARN_OBJC_ROOT_CLASS = YES_ERROR;
				CLANG_WARN_RANGE_LOOP_ANALYSIS = YES;
				CLANG_WARN_STRICT_PROTOTYPES = YES;
				CLANG_WARN_SUSPICIOUS_MOVE = YES;
				CLANG_WARN_UNGUARDED_AVAILABILITY = YES_AGGRESSIVE;
				CLANG_WARN_UNREACHABLE_CODE = YES;
				CLANG_WARN__DUPLICATE_METHOD_MATCH = YES;
				CODE_SIGN_IDENTITY = "iPhone Developer";
				COPY_PHASE_STRIP = NO;
				DEBUG_INFORMATION_FORMAT = "dwarf-with-dsym";
				ENABLE_NS_ASSERTIONS = NO;
				ENABLE_STRICT_OBJC_MSGSEND = YES;
				GCC_C_LANGUAGE_STANDARD = gnu11;
				GCC_NO_COMMON_BLOCKS = YES;
				GCC_WARN_64_TO_32_BIT_CONVERSION = YES;
				GCC_WARN_ABOUT_RETURN_TYPE = YES_ERROR;
				GCC_WARN_UNDECLARED_SELECTOR = YES;
				GCC_WARN_UNINITIALIZED_AUTOS = YES_AGGRESSIVE;
				GCC_WARN_UNUSED_FUNCTION = YES;
				GCC_WARN_UNUSED_VARIABLE = YES;
				IPHONEOS_DEPLOYMENT_TARGET = 11.0;
				MTL_ENABLE_DEBUG_INFO = NO;
				SDKROOT = iphoneos;
				SWIFT_OPTIMIZATION_LEVEL = "-Owholemodule";
				VALIDATE_PRODUCT = YES;
			};
			name = Release;
		};
		6CF81EC11F6359D900DE1939 /* Debug */ = {
			isa = XCBuildConfiguration;
			baseConfigurationReference = 74872402B8E41ABF2157FC19 /* Pods-PixelCity.debug.xcconfig */;
			buildSettings = {
				ASSETCATALOG_COMPILER_APPICON_NAME = AppIcon;
				CODE_SIGN_STYLE = Automatic;
				DEVELOPMENT_TEAM = S6VHT5CKSA;
				INFOPLIST_FILE = PixelCity/Info.plist;
				LD_RUNPATH_SEARCH_PATHS = "$(inherited) @executable_path/Frameworks";
				PRODUCT_BUNDLE_IDENTIFIER = com.awesome.learn.pixelcity;
				PRODUCT_NAME = "$(TARGET_NAME)";
				SWIFT_VERSION = 4.0;
				TARGETED_DEVICE_FAMILY = "1,2";
			};
			name = Debug;
		};
		6CF81EC21F6359D900DE1939 /* Release */ = {
			isa = XCBuildConfiguration;
			baseConfigurationReference = E5982C9AA90A89FF018B3360 /* Pods-PixelCity.release.xcconfig */;
			buildSettings = {
				ASSETCATALOG_COMPILER_APPICON_NAME = AppIcon;
				CODE_SIGN_STYLE = Automatic;
				DEVELOPMENT_TEAM = S6VHT5CKSA;
				INFOPLIST_FILE = PixelCity/Info.plist;
				LD_RUNPATH_SEARCH_PATHS = "$(inherited) @executable_path/Frameworks";
				PRODUCT_BUNDLE_IDENTIFIER = com.awesome.learn.pixelcity;
				PRODUCT_NAME = "$(TARGET_NAME)";
				SWIFT_VERSION = 4.0;
				TARGETED_DEVICE_FAMILY = "1,2";
			};
			name = Release;
		};
/* End XCBuildConfiguration section */

/* Begin XCConfigurationList section */
		6CF81EA91F6359D900DE1939 /* Build configuration list for PBXProject "PixelCity" */ = {
			isa = XCConfigurationList;
			buildConfigurations = (
				6CF81EBE1F6359D900DE1939 /* Debug */,
				6CF81EBF1F6359D900DE1939 /* Release */,
			);
			defaultConfigurationIsVisible = 0;
			defaultConfigurationName = Release;
		};
		6CF81EC01F6359D900DE1939 /* Build configuration list for PBXNativeTarget "PixelCity" */ = {
			isa = XCConfigurationList;
			buildConfigurations = (
				6CF81EC11F6359D900DE1939 /* Debug */,
				6CF81EC21F6359D900DE1939 /* Release */,
			);
			defaultConfigurationIsVisible = 0;
			defaultConfigurationName = Release;
		};
/* End XCConfigurationList section */
	};
	rootObject = 6CF81EA61F6359D900DE1939 /* Project object */;
}
